
Microsoft Visual Studio Solution File, Format Version 12.00
# Visual Studio Version 16
VisualStudioVersion = 16.0.31729.503
MinimumVisualStudioVersion = 10.0.40219.1
Project("{9A19103F-16F7-4668-BE54-9A1E7A4F7556}") = "solution-softhouse", "solution-softhouse.csproj", "{051AA30D-C646-47F7-83C5-66FAD19FA2D1}"
EndProject
Project("{FAE04EC0-301F-11D3-BF4B-00C04F79EFBC}") = "solution-softhouseTest", "..\solution-softhouseTest\solution-softhouseTest.csproj", "{C40E045C-1BF9-45FB-BAA5-21C69E4DA56A}"
EndProject
Global
	GlobalSection(SolutionConfigurationPlatforms) = preSolution
		Debug|Any CPU = Debug|Any CPU
		Release|Any CPU = Release|Any CPU
	EndGlobalSection
	GlobalSection(ProjectConfigurationPlatforms) = postSolution
		{051AA30D-C646-47F7-83C5-66FAD19FA2D1}.Debug|Any CPU.ActiveCfg = Debug|Any CPU
		{051AA30D-C646-47F7-83C5-66FAD19FA2D1}.Debug|Any CPU.Build.0 = Debug|Any CPU
		{051AA30D-C646-47F7-83C5-66FAD19FA2D1}.Release|Any CPU.ActiveCfg = Release|Any CPU
		{051AA30D-C646-47F7-83C5-66FAD19FA2D1}.Release|Any CPU.Build.0 = Release|Any CPU
		{C40E045C-1BF9-45FB-BAA5-21C69E4DA56A}.Debug|Any CPU.ActiveCfg = Debug|Any CPU
		{C40E045C-1BF9-45FB-BAA5-21C69E4DA56A}.Debug|Any CPU.Build.0 = Debug|Any CPU
		{C40E045C-1BF9-45FB-BAA5-21C69E4DA56A}.Release|Any CPU.ActiveCfg = Release|Any CPU
		{C40E045C-1BF9-45FB-BAA5-21C69E4DA56A}.Release|Any CPU.Build.0 = Release|Any CPU
	EndGlobalSection
	GlobalSection(SolutionProperties) = preSolution
		HideSolutionNode = FALSE
	EndGlobalSection
	GlobalSection(ExtensibilityGlobals) = postSolution
		SolutionGuid = {44CCAA67-21B7-4FEB-AAE9-344AA97BE3FB}
	EndGlobalSection
EndGlobal
